Microsoft Visual Studio Solution File, Format Version 12.00
# Visual Studio Version 17
VisualStudioVersion = 17.5.2.0
MinimumVisualStudioVersion = 10.0.40219.1
Project("{FAE04EC0-301F-11D3-BF4B-00C04F79EFBC}") = "Grants", "Grants\Grants.csproj", "{BF6B58C5-5AD6-7512-2634-247AF50FD7FA}"
EndProject
Global
	GlobalSection(SolutionConfigurationPlatforms) = preSolution
		Debug|Any CPU = Debug|Any CPU
		Release|Any CPU = Release|Any CPU
	EndGlobalSection
	GlobalSection(ProjectConfigurationPlatforms) = postSolution
		{BF6B58C5-5AD6-7512-2634-247AF50FD7FA}.Debug|Any CPU.ActiveCfg = Debug|Any CPU
		{BF6B58C5-5AD6-7512-2634-247AF50FD7FA}.Debug|Any CPU.Build.0 = Debug|Any CPU
		{BF6B58C5-5AD6-7512-2634-247AF50FD7FA}.Release|Any CPU.ActiveCfg = Release|Any CPU
		{BF6B58C5-5AD6-7512-2634-247AF50FD7FA}.Release|Any CPU.Build.0 = Release|Any CPU
	EndGlobalSection
	GlobalSection(SolutionProperties) = preSolution
		HideSolutionNode = FALSE
	EndGlobalSection
	GlobalSection(ExtensibilityGlobals) = postSolution
		SolutionGuid = {4AC0D28D-B5AE-4F7C-B2C0-78349F7B9A38}
	EndGlobalSection
EndGlobal
